
Microsoft Visual Studio Solution File, Format Version 12.00
# Visual Studio Version 17
VisualStudioVersion = 17.10.35027.167
MinimumVisualStudioVersion = 10.0.40219.1
Project("{FAE04EC0-301F-11D3-BF4B-00C04F79EFBC}") = "ConsoleGameTom", "ConsoleGameTom\ConsoleGameTom.csproj", "{F25ED335-0B9C-4FCB-9699-1152E53F86F6}"
EndProject
Global
	GlobalSection(SolutionConfigurationPlatforms) = preSolution
		Debug|Any CPU = Debug|Any CPU
		Release|Any CPU = Release|Any CPU
	EndGlobalSection
	GlobalSection(ProjectConfigurationPlatforms) = postSolution
		{F25ED335-0B9C-4FCB-9699-1152E53F86F6}.Debug|Any CPU.ActiveCfg = Debug|Any CPU
		{F25ED335-0B9C-4FCB-9699-1152E53F86F6}.Debug|Any CPU.Build.0 = Debug|Any CPU
		{F25ED335-0B9C-4FCB-9699-1152E53F86F6}.Release|Any CPU.ActiveCfg = Release|Any CPU
		{F25ED335-0B9C-4FCB-9699-1152E53F86F6}.Release|Any CPU.Build.0 = Release|Any CPU
	EndGlobalSection
	GlobalSection(SolutionProperties) = preSolution
		HideSolutionNode = FALSE
	EndGlobalSection
	GlobalSection(ExtensibilityGlobals) = postSolution
		SolutionGuid = {ED1ECD94-2611-4A99-86FE-87FACE41BB2B}
	EndGlobalSection
EndGlobal
